github.com/krazywarez/devianter v0.3.4 h1:byeaLiH1jMi/0HvyqDBwg02p18NPIKl/KbmGEkWSi6c=
github.com/krazywarez/devianter v0.3.4/go.mod h1:d+0cnLQqQNoiuVCuCMxvox3tLNj3n2vEWv7bqVn+2s8=
golang.org/x/net v0.59.0 h1:5zfYln+w5XCxwrnMMJPufRgNoXEaGxl0wo5GqPXyues=
golang.org/x/net v0.59.0/go.mod h1:2DA/G1UfVbCpQPeWTmMPGY7Cs2PkBkwu743bVX5PIVg=
golang.org/x/sync v0.23.0 h1:KameEIfc1IkluZyXWLn39Wd4tURc6GbCiISGiZm2bQk=
golang.org/x/sync v0.23.0/go.mod h1:sUUOizhqBxiL6pEWpqNLUiaJn1ShEbZ6BBqskPbjZm0=
